// !$*UTF8*$!
{
	archiveVersion = 1;
	classes = {
	};
	objectVersion = 48;
	objects = {

/* Begin PBXBuildFile section */
		B5F507961FEE4276006822AF /* AppDelegate.swift in Sources */ = {isa = PBXBuildFile; fileRef = B5F507951FEE4276006822AF /* AppDelegate.swift */; };
		B5F507981FEE4276006822AF /* ViewController.swift in Sources */ = {isa = PBXBuildFile; fileRef = B5F507971FEE4276006822AF /* ViewController.swift */; };
		B5F5079B1FEE4276006822AF /* Main.storyboard in Resources */ = {isa = PBXBuildFile; fileRef = B5F507991FEE4276006822AF /* Main.storyboard */; };
		B5F5079D1FEE4276006822AF /* Assets.xcassets in Resources */ = {isa = PBXBuildFile; fileRef = B5F5079C1FEE4276006822AF /* Assets.xcassets */; };
		B5F507A01FEE4276006822AF /* LaunchScreen.storyboard in Resources */ = {isa = PBXBuildFile; fileRef = B5F5079E1FEE4276006822AF /* LaunchScreen.storyboard */; };
		B5F507B41FEE42D6006822AF /* horsestar.png in Resources */ = {isa = PBXBuildFile; fileRef = B5F507A81FEE42D5006822AF /* horsestar.png */; };
		B5F507B51FEE42D6006822AF /* constellation.jpeg in Resources */ = {isa = PBXBuildFile; fileRef = B5F507A91FEE42D5006822AF /* constellation.jpeg */; };
		B5F507B61FEE42D6006822AF /* eagle.png in Resources */ = {isa = PBXBuildFile; fileRef = B5F507AA1FEE42D5006822AF /* eagle.png */; };
		B5F507B71FEE42D6006822AF /* dog.png in Resources */ = {isa = PBXBuildFile; fileRef = B5F507AB1FEE42D5006822AF /* dog.png */; };
		B5F507B81FEE42D6006822AF /* dogstar.png in Resources */ = {isa = PBXBuildFile; fileRef = B5F507AC1FEE42D5006822AF /* dogstar.png */; };
		B5F507B91FEE42D6006822AF /* eaglestar.png in Resources */ = {isa = PBXBuildFile; fileRef = B5F507AD1FEE42D5006822AF /* eaglestar.png */; };
		B5F507BA1FEE42D6006822AF /* bearstar.png in Resources */ = {isa = PBXBuildFile; fileRef = B5F507AE1FEE42D5006822AF /* bearstar.png */; };
		B5F507BB1FEE42D6006822AF /* rabbit.png in Resources */ = {isa = PBXBuildFile; fileRef = B5F507AF1FEE42D5006822AF /* rabbit.png */; };
		B5F507BC1FEE42D6006822AF /* aurora.jpeg in Resources */ = {isa = PBXBuildFile; fileRef = B5F507B01FEE42D5006822AF /* aurora.jpeg */; };
		B5F507BD1FEE42D6006822AF /* rabbitstar.png in Resources */ = {isa = PBXBuildFile; fileRef = B5F507B11FEE42D6006822AF /* rabbitstar.png */; };
		B5F507BE1FEE42D6006822AF /* bear.png in Resources */ = {isa = PBXBuildFile; fileRef = B5F507B21FEE42D6006822AF /* bear.png */; };
		B5F507BF1FEE42D6006822AF /* horse.png in Resources */ = {isa = PBXBuildFile; fileRef = B5F507B31FEE42D6006822AF /* horse.png */; };
/* End PBXBuildFile section */

/* Begin PBXFileReference section */
		B5F507921FEE4276006822AF /* ConstellationExplanation.app */ = {isa = PBXFileReference; explicitFileType = wrapper.application; includeInIndex = 0; path = ConstellationExplanation.app; sourceTree = BUILT_PRODUCTS_DIR; };
		B5F507951FEE4276006822AF /* AppDelegate.swift */ = {isa = PBXFileReference; lastKnownFileType = sourcecode.swift; path = AppDelegate.swift; sourceTree = "<group>"; };
		B5F507971FEE4276006822AF /* ViewController.swift */ = {isa = PBXFileReference; lastKnownFileType = sourcecode.swift; path = ViewController.swift; sourceTree = "<group>"; };
		B5F5079A1FEE4276006822AF /* Base */ = {isa = PBXFileReference; lastKnownFileType = file.storyboard; name = Base; path = Base.lproj/Main.storyboard; sourceTree = "<group>"; };
		B5F5079C1FEE4276006822AF /* Assets.xcassets */ = {isa = PBXFileReference; lastKnownFileType = folder.assetcatalog; path = Assets.xcassets; sourceTree = "<group>"; };
		B5F5079F1FEE4276006822AF /* Base */ = {isa = PBXFileReference; lastKnownFileType = file.storyboard; name = Base; path = Base.lproj/LaunchScreen.storyboard; sourceTree = "<group>"; };
		B5F507A11FEE4276006822AF /* Info.plist */ = {isa = PBXFileReference; lastKnownFileType = text.plist.xml; path = Info.plist; sourceTree = "<group>"; };
		B5F507A81FEE42D5006822AF /* horsestar.png */ = {isa = PBXFileReference; lastKnownFileType = image.png; path = horsestar.png; sourceTree = "<group>"; };
		B5F507A91FEE42D5006822AF /* constellation.jpeg */ = {isa = PBXFileReference; lastKnownFileType = image.jpeg; path = constellation.jpeg; sourceTree = "<group>"; };
		B5F507AA1FEE42D5006822AF /* eagle.png */ = {isa = PBXFileReference; lastKnownFileType = image.png; path = eagle.png; sourceTree = "<group>"; };
		B5F507AB1FEE42D5006822AF /* dog.png */ = {isa = PBXFileReference; lastKnownFileType = image.png; path = dog.png; sourceTree = "<group>"; };
		B5F507AC1FEE42D5006822AF /* dogstar.png */ = {isa = PBXFileReference; lastKnownFileType = image.png; path = dogstar.png; sourceTree = "<group>"; };
		B5F507AD1FEE42D5006822AF /* eaglestar.png */ = {isa = PBXFileReference; lastKnownFileType = image.png; path = eaglestar.png; sourceTree = "<group>"; };
		B5F507AE1FEE42D5006822AF /* bearstar.png */ = {isa = PBXFileReference; lastKnownFileType = image.png; path = bearstar.png; sourceTree = "<group>"; };
		B5F507AF1FEE42D5006822AF /* rabbit.png */ = {isa = PBXFileReference; lastKnownFileType = image.png; path = rabbit.png; sourceTree = "<group>"; };
		B5F507B01FEE42D5006822AF /* aurora.jpeg */ = {isa = PBXFileReference; lastKnownFileType = image.jpeg; path = aurora.jpeg; sourceTree = "<group>"; };
		B5F507B11FEE42D6006822AF /* rabbitstar.png */ = {isa = PBXFileReference; lastKnownFileType = image.png; path = rabbitstar.png; sourceTree = "<group>"; };
		B5F507B21FEE42D6006822AF /* bear.png */ = {isa = PBXFileReference; lastKnownFileType = image.png; path = bear.png; sourceTree = "<group>"; };
		B5F507B31FEE42D6006822AF /* horse.png */ = {isa = PBXFileReference; lastKnownFileType = image.png; path = horse.png; sourceTree = "<group>"; };
/* End PBXFileReference section */

/* Begin PBXFrameworksBuildPhase section */
		B5F5078F1FEE4276006822AF /* Frameworks */ = {
			isa = PBXFrameworksBuildPhase;
			buildActionMask = 2147483647;
			files = (
			);
			runOnlyForDeploymentPostprocessing = 0;
		};
/* End PBXFrameworksBuildPhase section */

/* Begin PBXGroup section */
		B5F507891FEE4276006822AF = {
			isa = PBXGroup;
			children = (
				B5F507941FEE4276006822AF /* ConstellationExplanation */,
				B5F507931FEE4276006822AF /* Products */,
			);
			sourceTree = "<group>";
		};
		B5F507931FEE4276006822AF /* Products */ = {
			isa = PBXGroup;
			children = (
				B5F507921FEE4276006822AF /* ConstellationExplanation.app */,
			);
			name = Products;
			sourceTree = "<group>";
		};
		B5F507941FEE4276006822AF /* ConstellationExplanation */ = {
			isa = PBXGroup;
			children = (
				B5F507A71FEE42C6006822AF /* Resource */,
				B5F507951FEE4276006822AF /* AppDelegate.swift */,
				B5F507971FEE4276006822AF /* ViewController.swift */,
				B5F507991FEE4276006822AF /* Main.storyboard */,
				B5F5079C1FEE4276006822AF /* Assets.xcassets */,
				B5F5079E1FEE4276006822AF /* LaunchScreen.storyboard */,
				B5F507A11FEE4276006822AF /* Info.plist */,
			);
			path = ConstellationExplanation;
			sourceTree = "<group>";
		};
		B5F507A71FEE42C6006822AF /* Resource */ = {
			isa = PBXGroup;
			children = (
				B5F507B01FEE42D5006822AF /* aurora.jpeg */,
				B5F507B21FEE42D6006822AF /* bear.png */,
				B5F507AE1FEE42D5006822AF /* bearstar.png */,
				B5F507A91FEE42D5006822AF /* constellation.jpeg */,
				B5F507AB1FEE42D5006822AF /* dog.png */,
				B5F507AC1FEE42D5006822AF /* dogstar.png */,
				B5F507AA1FEE42D5006822AF /* eagle.png */,
				B5F507AD1FEE42D5006822AF /* eaglestar.png */,
				B5F507B31FEE42D6006822AF /* horse.png */,
				B5F507A81FEE42D5006822AF /* horsestar.png */,
				B5F507AF1FEE42D5006822AF /* rabbit.png */,
				B5F507B11FEE42D6006822AF /* rabbitstar.png */,
			);
			path = Resource;
			sourceTree = "<group>";
		};
/* End PBXGroup section */

/* Begin PBXNativeTarget section */
		B5F507911FEE4276006822AF /* ConstellationExplanation */ = {
			isa = PBXNativeTarget;
			buildConfigurationList = B5F507A41FEE4276006822AF /* Build configuration list for PBXNativeTarget "ConstellationExplanation" */;
			buildPhases = (
				B5F5078E1FEE4276006822AF /* Sources */,
				B5F5078F1FEE4276006822AF /* Frameworks */,
				B5F507901FEE4276006822AF /* Resources */,
			);
			buildRules = (
			);
			dependencies = (
			);
			name = ConstellationExplanation;
			productName = ConstellationExplanation;
			productReference = B5F507921FEE4276006822AF /* ConstellationExplanation.app */;
			productType = "com.apple.product-type.application";
		};
/* End PBXNativeTarget section */

/* Begin PBXProject section */
		B5F5078A1FEE4276006822AF /* Project object */ = {
			isa = PBXProject;
			attributes = {
				LastSwiftUpdateCheck = 0920;
				LastUpgradeCheck = 0920;
				ORGANIZATIONNAME = ParkGilNam;
				TargetAttributes = {
					B5F507911FEE4276006822AF = {
						CreatedOnToolsVersion = 9.2;
						ProvisioningStyle = Automatic;
					};
				};
			};
			buildConfigurationList = B5F5078D1FEE4276006822AF /* Build configuration list for PBXProject "ConstellationExplanation" */;
			compatibilityVersion = "Xcode 8.0";
			developmentRegion = en;
			hasScannedForEncodings = 0;
			knownRegions = (
				en,
				Base,
			);
			mainGroup = B5F507891FEE4276006822AF;
			productRefGroup = B5F507931FEE4276006822AF /* Products */;
			projectDirPath = "";
			projectRoot = "";
			targets = (
				B5F507911FEE4276006822AF /* ConstellationExplanation */,
			);
		};
/* End PBXProject section */

/* Begin PBXResourcesBuildPhase section */
		B5F507901FEE4276006822AF /* Resources */ = {
			isa = PBXResourcesBuildPhase;
			buildActionMask = 2147483647;
			files = (
				B5F507B71FEE42D6006822AF /* dog.png in Resources */,
				B5F507BC1FEE42D6006822AF /* aurora.jpeg in Resources */,
				B5F507BA1FEE42D6006822AF /* bearstar.png in Resources */,
				B5F507A01FEE4276006822AF /* LaunchScreen.storyboard in Resources */,
				B5F507B81FEE42D6006822AF /* dogstar.png in Resources */,
				B5F5079D1FEE4276006822AF /* Assets.xcassets in Resources */,
				B5F507BD1FEE42D6006822AF /* rabbitstar.png in Resources */,
				B5F507BF1FEE42D6006822AF /* horse.png in Resources */,
				B5F507BE1FEE42D6006822AF /* bear.png in Resources */,
				B5F507BB1FEE42D6006822AF /* rabbit.png in Resources */,
				B5F507B61FEE42D6006822AF /* eagle.png in Resources */,
				B5F507B91FEE42D6006822AF /* eaglestar.png in Resources */,
				B5F5079B1FEE4276006822AF /* Main.storyboard in Resources */,
				B5F507B41FEE42D6006822AF /* horsestar.png in Resources */,
				B5F507B51FEE42D6006822AF /* constellation.jpeg in Resources */,
			);
			runOnlyForDeploymentPostprocessing = 0;
		};
/* End PBXResourcesBuildPhase section */

/* Begin PBXSourcesBuildPhase section */
		B5F5078E1FEE4276006822AF /* Sources */ = {
			isa = PBXSourcesBuildPhase;
			buildActionMask = 2147483647;
			files = (
				B5F507981FEE4276006822AF /* ViewController.swift in Sources */,
				B5F507961FEE4276006822AF /* AppDelegate.swift in Sources */,
			);
			runOnlyForDeploymentPostprocessing = 0;
		};
/* End PBXSourcesBuildPhase section */

/* Begin PBXVariantGroup section */
		B5F507991FEE4276006822AF /* Main.storyboard */ = {
			isa = PBXVariantGroup;
			children = (
				B5F5079A1FEE4276006822AF /* Base */,
			);
			name = Main.storyboard;
			sourceTree = "<group>";
		};
		B5F5079E1FEE4276006822AF /* LaunchScreen.storyboard */ = {
			isa = PBXVariantGroup;
			children = (
				B5F5079F1FEE4276006822AF /* Base */,
			);
			name = LaunchScreen.storyboard;
			sourceTree = "<group>";
		};
/* End PBXVariantGroup section */

/* Begin XCBuildConfiguration section */
		B5F507A21FEE4276006822AF /* Debug */ = {
			isa = XCBuildConfiguration;
			buildSettings = {
				ALWAYS_SEARCH_USER_PATHS = NO;
				CLANG_ANALYZER_NONNULL = YES;
				CLANG_ANALYZER_NUMBER_OBJECT_CONVERSION = YES_AGGRESSIVE;
				CLANG_CXX_LANGUAGE_STANDARD = "gnu++14";
				CLANG_CXX_LIBRARY = "libc++";
				CLANG_ENABLE_MODULES = YES;
				CLANG_ENABLE_OBJC_ARC = YES;
				CLANG_WARN_BLOCK_CAPTURE_AUTORELEASING = YES;
				CLANG_WARN_BOOL_CONVERSION = YES;
				CLANG_WARN_COMMA = YES;
				CLANG_WARN_CONSTANT_CONVERSION = YES;
				CLANG_WARN_DIRECT_OBJC_ISA_USAGE = YES_ERROR;
				CLANG_WARN_DOCUMENTATION_COMMENTS = YES;
				CLANG_WARN_EMPTY_BODY = YES;
				CLANG_WARN_ENUM_CONVERSION = YES;
				CLANG_WARN_INFINITE_RECURSION = YES;
				CLANG_WARN_INT_CONVERSION = YES;
				CLANG_WARN_NON_LITERAL_NULL_CONVERSION = YES;
				CLANG_WARN_OBJC_LITERAL_CONVERSION = YES;
				CLANG_WARN_OBJC_ROOT_CLASS = YES_ERROR;
				CLANG_WARN_RANGE_LOOP_ANALYSIS = YES;
				CLANG_WARN_STRICT_PROTOTYPES = YES;
				CLANG_WARN_SUSPICIOUS_MOVE = YES;
				CLANG_WARN_UNGUARDED_AVAILABILITY = YES_AGGRESSIVE;
				CLANG_WARN_UNREACHABLE_CODE = YES;
				CLANG_WARN__DUPLICATE_METHOD_MATCH = YES;
				CODE_SIGN_IDENTITY = "iPhone Developer";
				COPY_PHASE_STRIP = NO;
				DEBUG_INFORMATION_FORMAT = dwarf;
				ENABLE_STRICT_OBJC_MSGSEND = YES;
				ENABLE_TESTABILITY = YES;
				GCC_C_LANGUAGE_STANDARD = gnu11;
				GCC_DYNAMIC_NO_PIC = NO;
				GCC_NO_COMMON_BLOCKS = YES;
				GCC_OPTIMIZATION_LEVEL = 0;
				GCC_PREPROCESSOR_DEFINITIONS = (
					"DEBUG=1",
					"$(inherited)",
				);
				GCC_WARN_64_TO_32_BIT_CONVERSION = YES;
				GCC_WARN_ABOUT_RETURN_TYPE = YES_ERROR;
				GCC_WARN_UNDECLARED_SELECTOR = YES;
				GCC_WARN_UNINITIALIZED_AUTOS = YES_AGGRESSIVE;
				GCC_WARN_UNUSED_FUNCTION = YES;
				GCC_WARN_UNUSED_VARIABLE = YES;
				IPHONEOS_DEPLOYMENT_TARGET = 11.2;
				MTL_ENABLE_DEBUG_INFO = YES;
				ONLY_ACTIVE_ARCH = YES;
				SDKROOT = iphoneos;
				SWIFT_ACTIVE_COMPILATION_CONDITIONS = DEBUG;
				SWIFT_OPTIMIZATION_LEVEL = "-Onone";
			};
			name = Debug;
		};
		B5F507A31FEE4276006822AF /* Release */ = {
			isa = XCBuildConfiguration;
			buildSettings = {
				ALWAYS_SEARCH_USER_PATHS = NO;
				CLANG_ANALYZER_NONNULL = YES;
				CLANG_ANALYZER_NUMBER_OBJECT_CONVERSION = YES_AGGRESSIVE;
				CLANG_CXX_LANGUAGE_STANDARD = "gnu++14";
				CLANG_CXX_LIBRARY = "libc++";
				CLANG_ENABLE_MODULES = YES;
				CLANG_ENABLE_OBJC_ARC = YES;
				CLANG_WARN_BLOCK_CAPTURE_AUTORELEASING = YES;
				CLANG_WARN_BOOL_CONVERSION = YES;
				CLANG_WARN_COMMA = YES;
				CLANG_WARN_CONSTANT_CONVERSION = YES;
				CLANG_WARN_DIRECT_OBJC_ISA_USAGE = YES_ERROR;
				CLANG_WARN_DOCUMENTATION_COMMENTS = YES;
				CLANG_WARN_EMPTY_BODY = YES;
				CLANG_WARN_ENUM_CONVERSION = YES;
				CLANG_WARN_INFINITE_RECURSION = YES;
				CLANG_WARN_INT_CONVERSION = YES;
				CLANG_WARN_NON_LITERAL_NULL_CONVERSION = YES;
				CLANG_WARN_OBJC_LITERAL_CONVERSION = YES;
				CLANG_WARN_OBJC_ROOT_CLASS = YES_ERROR;
				CLANG_WARN_RANGE_LOOP_ANALYSIS = YES;
				CLANG_WARN_STRICT_PROTOTYPES = YES;
				CLANG_WARN_SUSPICIOUS_MOVE = YES;
				CLANG_WARN_UNGUARDED_AVAILABILITY = YES_AGGRESSIVE;
				CLANG_WARN_UNREACHABLE_CODE = YES;
				CLANG_WARN__DUPLICATE_METHOD_MATCH = YES;
				CODE_SIGN_IDENTITY = "iPhone Developer";
				COPY_PHASE_STRIP = NO;
				DEBUG_INFORMATION_FORMAT = "dwarf-with-dsym";
				ENABLE_NS_ASSERTIONS = NO;
				ENABLE_STRICT_OBJC_MSGSEND = YES;
				GCC_C_LANGUAGE_STANDARD = gnu11;
				GCC_NO_COMMON_BLOCKS = YES;
				GCC_WARN_64_TO_32_BIT_CONVERSION = YES;
				GCC_WARN_ABOUT_RETURN_TYPE = YES_ERROR;
				GCC_WARN_UNDECLARED_SELECTOR = YES;
				GCC_WARN_UNINITIALIZED_AUTOS = YES_AGGRESSIVE;
				GCC_WARN_UNUSED_FUNCTION = YES;
				GCC_WARN_UNUSED_VARIABLE = YES;
				IPHONEOS_DEPLOYMENT_TARGET = 11.2;
				MTL_ENABLE_DEBUG_INFO = NO;
				SDKROOT = iphoneos;
				SWIFT_OPTIMIZATION_LEVEL = "-Owholemodule";
				VALIDATE_PRODUCT = YES;
			};
			name = Release;
		};
		B5F507A51FEE4276006822AF /* Debug */ = {
			isa = XCBuildConfiguration;
			buildSettings = {
				ASSETCATALOG_COMPILER_APPICON_NAME = AppIcon;
				CODE_SIGN_STYLE = Automatic;
				DEVELOPMENT_TEAM = AYUBF3UYBE;
				INFOPLIST_FILE = ConstellationExplanation/Info.plist;
				LD_RUNPATH_SEARCH_PATHS = "$(inherited) @executable_path/Frameworks";
				PRODUCT_BUNDLE_IDENTIFIER = GilNam.ConstellationExplanation;
				PRODUCT_NAME = "$(TARGET_NAME)";
				SWIFT_VERSION = 4.0;
				TARGETED_DEVICE_FAMILY = "1,2";
			};
			name = Debug;
		};
		B5F507A61FEE4276006822AF /* Release */ = {
			isa = XCBuildConfiguration;
			buildSettings = {
				ASSETCATALOG_COMPILER_APPICON_NAME = AppIcon;
				CODE_SIGN_STYLE = Automatic;
				DEVELOPMENT_TEAM = AYUBF3UYBE;
				INFOPLIST_FILE = ConstellationExplanation/Info.plist;
				LD_RUNPATH_SEARCH_PATHS = "$(inherited) @executable_path/Frameworks";
				PRODUCT_BUNDLE_IDENTIFIER = GilNam.ConstellationExplanation;
				PRODUCT_NAME = "$(TARGET_NAME)";
				SWIFT_VERSION = 4.0;
				TARGETED_DEVICE_FAMILY = "1,2";
			};
			name = Release;
		};
/* End XCBuildConfiguration section */

/* Begin XCConfigurationList section */
		B5F5078D1FEE4276006822AF /* Build configuration list for PBXProject "ConstellationExplanation" */ = {
			isa = XCConfigurationList;
			buildConfigurations = (
				B5F507A21FEE4276006822AF /* Debug */,
				B5F507A31FEE4276006822AF /* Release */,
			);
			defaultConfigurationIsVisible = 0;
			defaultConfigurationName = Release;
		};
		B5F507A41FEE4276006822AF /* Build configuration list for PBXNativeTarget "ConstellationExplanation" */ = {
			isa = XCConfigurationList;
			buildConfigurations = (
				B5F507A51FEE4276006822AF /* Debug */,
				B5F507A61FEE4276006822AF /* Release */,
			);
			defaultConfigurationIsVisible = 0;
			defaultConfigurationName = Release;
		};
/* End XCConfigurationList section */
	};
	rootObject = B5F5078A1FEE4276006822AF /* Project object */;
}
